// !$*UTF8*$!
{
	archiveVersion = 1;
	classes = {
	};
	objectVersion = 52;
	objects = {

/* Begin PBXBuildFile section */
		246C6C0F2867380E00C54615 /* CollectionViewTableViewCell.swift in Sources */ = {isa = PBXBuildFile; fileRef = 246C6C0E2867380E00C54615 /* CollectionViewTableViewCell.swift */; };
		2482BEFB2850891D00B5AC84 /* MenusViewController.swift in Sources */ = {isa = PBXBuildFile; fileRef = 2482BEFA2850891D00B5AC84 /* MenusViewController.swift */; };
		2482BEFD2854455200B5AC84 /* RecordsViewTableViewCell.swift in Sources */ = {isa = PBXBuildFile; fileRef = 2482BEFC2854455200B5AC84 /* RecordsViewTableViewCell.swift */; };
		2482BF002859619400B5AC84 /* SQLite in Frameworks */ = {isa = PBXBuildFile; productRef = 2482BEFF2859619400B5AC84 /* SQLite */; };
		2482BF02285961BE00B5AC84 /* Database.swift in Sources */ = {isa = PBXBuildFile; fileRef = 2482BF01285961BE00B5AC84 /* Database.swift */; };
		24E022AF284F1E4F00976E6A /* AppDelegate.swift in Sources */ = {isa = PBXBuildFile; fileRef = 24E022AE284F1E4F00976E6A /* AppDelegate.swift */; };
		24E022B1284F1E4F00976E6A /* SceneDelegate.swift in Sources */ = {isa = PBXBuildFile; fileRef = 24E022B0284F1E4F00976E6A /* SceneDelegate.swift */; };
		24E022B3284F1E4F00976E6A /* MainTabBarViewController.swift in Sources */ = {isa = PBXBuildFile; fileRef = 24E022B2284F1E4F00976E6A /* MainTabBarViewController.swift */; };
		24E022B8284F1E5700976E6A /* Assets.xcassets in Resources */ = {isa = PBXBuildFile; fileRef = 24E022B7284F1E5700976E6A /* Assets.xcassets */; };
		24E022BB284F1E5700976E6A /* LaunchScreen.storyboard in Resources */ = {isa = PBXBuildFile; fileRef = 24E022B9284F1E5700976E6A /* LaunchScreen.storyboard */; };
		24E022C4284F238400976E6A /* HomeViewController.swift in Sources */ = {isa = PBXBuildFile; fileRef = 24E022C3284F238400976E6A /* HomeViewController.swift */; };
		24E022C6284F23C300976E6A /* RecordsViewController.swift in Sources */ = {isa = PBXBuildFile; fileRef = 24E022C5284F23C300976E6A /* RecordsViewController.swift */; };
		24E022C8284F277900976E6A /* WorkoutViewController.swift in Sources */ = {isa = PBXBuildFile; fileRef = 24E022C7284F277900976E6A /* WorkoutViewController.swift */; };
/* End PBXBuildFile section */

/* Begin PBXFileReference section */
		246C6C0E2867380E00C54615 /* CollectionViewTableViewCell.swift */ = {isa = PBXFileReference; fileEncoding = 4; lastKnownFileType = sourcecode.swift; name = CollectionViewTableViewCell.swift; path = ../../../.Trash/CollectionViewTableViewCell.swift; sourceTree = "<group>"; };
		2482BEFA2850891D00B5AC84 /* MenusViewController.swift */ = {isa = PBXFileReference; lastKnownFileType = sourcecode.swift; path = MenusViewController.swift; sourceTree = "<group>"; };
		2482BEFC2854455200B5AC84 /* RecordsViewTableViewCell.swift */ = {isa = PBXFileReference; lastKnownFileType = sourcecode.swift; path = RecordsViewTableViewCell.swift; sourceTree = "<group>"; };
		2482BF01285961BE00B5AC84 /* Database.swift */ = {isa = PBXFileReference; lastKnownFileType = sourcecode.swift; name = Database.swift; path = Views/Database.swift; sourceTree = "<group>"; };
		24E022AB284F1E4F00976E6A /* Workout Record.app */ = {isa = PBXFileReference; explicitFileType = wrapper.application; includeInIndex = 0; path = "Workout Record.app"; sourceTree = BUILT_PRODUCTS_DIR; };
		24E022AE284F1E4F00976E6A /* AppDelegate.swift */ = {isa = PBXFileReference; lastKnownFileType = sourcecode.swift; path = AppDelegate.swift; sourceTree = "<group>"; };
		24E022B0284F1E4F00976E6A /* SceneDelegate.swift */ = {isa = PBXFileReference; lastKnownFileType = sourcecode.swift; path = SceneDelegate.swift; sourceTree = "<group>"; };
		24E022B2284F1E4F00976E6A /* MainTabBarViewController.swift */ = {isa = PBXFileReference; lastKnownFileType = sourcecode.swift; path = MainTabBarViewController.swift; sourceTree = "<group>"; };
		24E022B7284F1E5700976E6A /* Assets.xcassets */ = {isa = PBXFileReference; lastKnownFileType = folder.assetcatalog; path = Assets.xcassets; sourceTree = "<group>"; };
		24E022BA284F1E5700976E6A /* Base */ = {isa = PBXFileReference; lastKnownFileType = file.storyboard; name = Base; path = Base.lproj/LaunchScreen.storyboard; sourceTree = "<group>"; };
		24E022BC284F1E5700976E6A /* Info.plist */ = {isa = PBXFileReference; lastKnownFileType = text.plist.xml; path = Info.plist; sourceTree = "<group>"; };
		24E022C3284F238400976E6A /* HomeViewController.swift */ = {isa = PBXFileReference; lastKnownFileType = sourcecode.swift; path = HomeViewController.swift; sourceTree = "<group>"; };
		24E022C5284F23C300976E6A /* RecordsViewController.swift */ = {isa = PBXFileReference; lastKnownFileType = sourcecode.swift; path = RecordsViewController.swift; sourceTree = "<group>"; };
		24E022C7284F277900976E6A /* WorkoutViewController.swift */ = {isa = PBXFileReference; lastKnownFileType = sourcecode.swift; path = WorkoutViewController.swift; sourceTree = "<group>"; };
/* End PBXFileReference section */

/* Begin PBXFrameworksBuildPhase section */
		24E022A8284F1E4F00976E6A /* Frameworks */ = {
			isa = PBXFrameworksBuildPhase;
			buildActionMask = 2147483647;
			files = (
				2482BF002859619400B5AC84 /* SQLite in Frameworks */,
			);
			runOnlyForDeploymentPostprocessing = 0;
		};
/* End PBXFrameworksBuildPhase section */

/* Begin PBXGroup section */
		24E022A2284F1E4F00976E6A = {
			isa = PBXGroup;
			children = (
				24E022AD284F1E4F00976E6A /* Workout Record */,
				24E022AC284F1E4F00976E6A /* Products */,
			);
			sourceTree = "<group>";
		};
		24E022AC284F1E4F00976E6A /* Products */ = {
			isa = PBXGroup;
			children = (
				24E022AB284F1E4F00976E6A /* Workout Record.app */,
			);
			name = Products;
			sourceTree = "<group>";
		};
		24E022AD284F1E4F00976E6A /* Workout Record */ = {
			isa = PBXGroup;
			children = (
				2482BF01285961BE00B5AC84 /* Database.swift */,
				24E022C9284F323100976E6A /* Views */,
				24E022C2284F22F200976E6A /* Controllers */,
				24E022AE284F1E4F00976E6A /* AppDelegate.swift */,
				24E022B0284F1E4F00976E6A /* SceneDelegate.swift */,
				24E022B2284F1E4F00976E6A /* MainTabBarViewController.swift */,
				24E022B7284F1E5700976E6A /* Assets.xcassets */,
				24E022B9284F1E5700976E6A /* LaunchScreen.storyboard */,
				24E022BC284F1E5700976E6A /* Info.plist */,
			);
			path = "Workout Record";
			sourceTree = "<group>";
		};
		24E022C2284F22F200976E6A /* Controllers */ = {
			isa = PBXGroup;
			children = (
				24E022C3284F238400976E6A /* HomeViewController.swift */,
				24E022C7284F277900976E6A /* WorkoutViewController.swift */,
				24E022C5284F23C300976E6A /* RecordsViewController.swift */,
				2482BEFA2850891D00B5AC84 /* MenusViewController.swift */,
			);
			path = Controllers;
			sourceTree = "<group>";
		};
		24E022C9284F323100976E6A /* Views */ = {
			isa = PBXGroup;
			children = (
				2482BEFC2854455200B5AC84 /* RecordsViewTableViewCell.swift */,
				246C6C0E2867380E00C54615 /* CollectionViewTableViewCell.swift */,
			);
			path = Views;
			sourceTree = "<group>";
		};
/* End PBXGroup section */

/* Begin PBXNativeTarget section */
		24E022AA284F1E4F00976E6A /* Workout Record */ = {
			isa = PBXNativeTarget;
			buildConfigurationList = 24E022BF284F1E5700976E6A /* Build configuration list for PBXNativeTarget "Workout Record" */;
			buildPhases = (
				24E022A7284F1E4F00976E6A /* Sources */,
				24E022A8284F1E4F00976E6A /* Frameworks */,
				24E022A9284F1E4F00976E6A /* Resources */,
			);
			buildRules = (
			);
			dependencies = (
			);
			name = "Workout Record";
			packageProductDependencies = (
				2482BEFF2859619400B5AC84 /* SQLite */,
			);
			productName = "Workout Record";
			productReference = 24E022AB284F1E4F00976E6A /* Workout Record.app */;
			productType = "com.apple.product-type.application";
		};
/* End PBXNativeTarget section */

/* Begin PBXProject section */
		24E022A3284F1E4F00976E6A /* Project object */ = {
			isa = PBXProject;
			attributes = {
				LastSwiftUpdateCheck = 1250;
				LastUpgradeCheck = 1250;
				TargetAttributes = {
					24E022AA284F1E4F00976E6A = {
						CreatedOnToolsVersion = 12.5.1;
					};
				};
			};
			buildConfigurationList = 24E022A6284F1E4F00976E6A /* Build configuration list for PBXProject "Workout Record" */;
			compatibilityVersion = "Xcode 9.3";
			developmentRegion = en;
			hasScannedForEncodings = 0;
			knownRegions = (
				en,
				Base,
			);
			mainGroup = 24E022A2284F1E4F00976E6A;
			packageReferences = (
				2482BEFE2859619400B5AC84 /* XCRemoteSwiftPackageReference "SQLite.swift" */,
			);
			productRefGroup = 24E022AC284F1E4F00976E6A /* Products */;
			projectDirPath = "";
			projectRoot = "";
			targets = (
				24E022AA284F1E4F00976E6A /* Workout Record */,
			);
		};
/* End PBXProject section */

/* Begin PBXResourcesBuildPhase section */
		24E022A9284F1E4F00976E6A /* Resources */ = {
			isa = PBXResourcesBuildPhase;
			buildActionMask = 2147483647;
			files = (
				24E022BB284F1E5700976E6A /* LaunchScreen.storyboard in Resources */,
				24E022B8284F1E5700976E6A /* Assets.xcassets in Resources */,
			);
			runOnlyForDeploymentPostprocessing = 0;
		};
/* End PBXResourcesBuildPhase section */

/* Begin PBXSourcesBuildPhase section */
		24E022A7284F1E4F00976E6A /* Sources */ = {
			isa = PBXSourcesBuildPhase;
			buildActionMask = 2147483647;
			files = (
				246C6C0F2867380E00C54615 /* CollectionViewTableViewCell.swift in Sources */,
				2482BEFD2854455200B5AC84 /* RecordsViewTableViewCell.swift in Sources */,
				24E022C8284F277900976E6A /* WorkoutViewController.swift in Sources */,
				24E022B3284F1E4F00976E6A /* MainTabBarViewController.swift in Sources */,
				24E022AF284F1E4F00976E6A /* AppDelegate.swift in Sources */,
				2482BEFB2850891D00B5AC84 /* MenusViewController.swift in Sources */,
				24E022B1284F1E4F00976E6A /* SceneDelegate.swift in Sources */,
				24E022C6284F23C300976E6A /* RecordsViewController.swift in Sources */,
				2482BF02285961BE00B5AC84 /* Database.swift in Sources */,
				24E022C4284F238400976E6A /* HomeViewController.swift in Sources */,
			);
			runOnlyForDeploymentPostprocessing = 0;
		};
/* End PBXSourcesBuildPhase section */

/* Begin PBXVariantGroup section */
		24E022B9284F1E5700976E6A /* LaunchScreen.storyboard */ = {
			isa = PBXVariantGroup;
			children = (
				24E022BA284F1E5700976E6A /* Base */,
			);
			name = LaunchScreen.storyboard;
			sourceTree = "<group>";
		};
/* End PBXVariantGroup section */

/* Begin XCBuildConfiguration section */
		24E022BD284F1E5700976E6A /* Debug */ = {
			isa = XCBuildConfiguration;
			buildSettings = {
				ALWAYS_SEARCH_USER_PATHS = NO;
				CLANG_ANALYZER_NONNULL = YES;
				CLANG_ANALYZER_NUMBER_OBJECT_CONVERSION = YES_AGGRESSIVE;
				CLANG_CXX_LANGUAGE_STANDARD = "gnu++14";
				CLANG_CXX_LIBRARY = "libc++";
				CLANG_ENABLE_MODULES = YES;
				CLANG_ENABLE_OBJC_ARC = YES;
				CLANG_ENABLE_OBJC_WEAK = YES;
				CLANG_WARN_BLOCK_CAPTURE_AUTORELEASING = YES;
				CLANG_WARN_BOOL_CONVERSION = YES;
				CLANG_WARN_COMMA = YES;
				CLANG_WARN_CONSTANT_CONVERSION = YES;
				CLANG_WARN_DEPRECATED_OBJC_IMPLEMENTATIONS = YES;
				CLANG_WARN_DIRECT_OBJC_ISA_USAGE = YES_ERROR;
				CLANG_WARN_DOCUMENTATION_COMMENTS = YES;
				CLANG_WARN_EMPTY_BODY = YES;
				CLANG_WARN_ENUM_CONVERSION = YES;
				CLANG_WARN_INFINITE_RECURSION = YES;
				CLANG_WARN_INT_CONVERSION = YES;
				CLANG_WARN_NON_LITERAL_NULL_CONVERSION = YES;
				CLANG_WARN_OBJC_IMPLICIT_RETAIN_SELF = YES;
				CLANG_WARN_OBJC_LITERAL_CONVERSION = YES;
				CLANG_WARN_OBJC_ROOT_CLASS = YES_ERROR;
				CLANG_WARN_QUOTED_INCLUDE_IN_FRAMEWORK_HEADER = YES;
				CLANG_WARN_RANGE_LOOP_ANALYSIS = YES;
				CLANG_WARN_STRICT_PROTOTYPES = YES;
				CLANG_WARN_SUSPICIOUS_MOVE = YES;
				CLANG_WARN_UNGUARDED_AVAILABILITY = YES_AGGRESSIVE;
				CLANG_WARN_UNREACHABLE_CODE = YES;
				CLANG_WARN__DUPLICATE_METHOD_MATCH = YES;
				COPY_PHASE_STRIP = NO;
				DEBUG_INFORMATION_FORMAT = dwarf;
				ENABLE_STRICT_OBJC_MSGSEND = YES;
				ENABLE_TESTABILITY = YES;
				GCC_C_LANGUAGE_STANDARD = gnu11;
				GCC_DYNAMIC_NO_PIC = NO;
				GCC_NO_COMMON_BLOCKS = YES;
				GCC_OPTIMIZATION_LEVEL = 0;
				GCC_PREPROCESSOR_DEFINITIONS = (
					"DEBUG=1",
					"$(inherited)",
				);
				GCC_WARN_64_TO_32_BIT_CONVERSION = YES;
				GCC_WARN_ABOUT_RETURN_TYPE = YES_ERROR;
				GCC_WARN_UNDECLARED_SELECTOR = YES;
				GCC_WARN_UNINITIALIZED_AUTOS = YES_AGGRESSIVE;
				GCC_WARN_UNUSED_FUNCTION = YES;
				GCC_WARN_UNUSED_VARIABLE = YES;
				IPHONEOS_DEPLOYMENT_TARGET = 14.5;
				MTL_ENABLE_DEBUG_INFO = INCLUDE_SOURCE;
				MTL_FAST_MATH = YES;
				ONLY_ACTIVE_ARCH = YES;
				SDKROOT = iphoneos;
				SWIFT_ACTIVE_COMPILATION_CONDITIONS = DEBUG;
				SWIFT_OPTIMIZATION_LEVEL = "-Onone";
			};
			name = Debug;
		};
		24E022BE284F1E5700976E6A /* Release */ = {
			isa = XCBuildConfiguration;
			buildSettings = {
				ALWAYS_SEARCH_USER_PATHS = NO;
				CLANG_ANALYZER_NONNULL = YES;
				CLANG_ANALYZER_NUMBER_OBJECT_CONVERSION = YES_AGGRESSIVE;
				CLANG_CXX_LANGUAGE_STANDARD = "gnu++14";
				CLANG_CXX_LIBRARY = "libc++";
				CLANG_ENABLE_MODULES = YES;
				CLANG_ENABLE_OBJC_ARC = YES;
				CLANG_ENABLE_OBJC_WEAK = YES;
				CLANG_WARN_BLOCK_CAPTURE_AUTORELEASING = YES;
				CLANG_WARN_BOOL_CONVERSION = YES;
				CLANG_WARN_COMMA = YES;
				CLANG_WARN_CONSTANT_CONVERSION = YES;
				CLANG_WARN_DEPRECATED_OBJC_IMPLEMENTATIONS = YES;
				CLANG_WARN_DIRECT_OBJC_ISA_USAGE = YES_ERROR;
				CLANG_WARN_DOCUMENTATION_COMMENTS = YES;
				CLANG_WARN_EMPTY_BODY = YES;
				CLANG_WARN_ENUM_CONVERSION = YES;
				CLANG_WARN_INFINITE_RECURSION = YES;
				CLANG_WARN_INT_CONVERSION = YES;
				CLANG_WARN_NON_LITERAL_NULL_CONVERSION = YES;
				CLANG_WARN_OBJC_IMPLICIT_RETAIN_SELF = YES;
				CLANG_WARN_OBJC_LITERAL_CONVERSION = YES;
				CLANG_WARN_OBJC_ROOT_CLASS = YES_ERROR;
				CLANG_WARN_QUOTED_INCLUDE_IN_FRAMEWORK_HEADER = YES;
				CLANG_WARN_RANGE_LOOP_ANALYSIS = YES;
				CLANG_WARN_STRICT_PROTOTYPES = YES;
				CLANG_WARN_SUSPICIOUS_MOVE = YES;
				CLANG_WARN_UNGUARDED_AVAILABILITY = YES_AGGRESSIVE;
				CLANG_WARN_UNREACHABLE_CODE = YES;
				CLANG_WARN__DUPLICATE_METHOD_MATCH = YES;
				COPY_PHASE_STRIP = NO;
				DEBUG_INFORMATION_FORMAT = "dwarf-with-dsym";
				ENABLE_NS_ASSERTIONS = NO;
				ENABLE_STRICT_OBJC_MSGSEND = YES;
				GCC_C_LANGUAGE_STANDARD = gnu11;
				GCC_NO_COMMON_BLOCKS = YES;
				GCC_WARN_64_TO_32_BIT_CONVERSION = YES;
				GCC_WARN_ABOUT_RETURN_TYPE = YES_ERROR;
				GCC_WARN_UNDECLARED_SELECTOR = YES;
				GCC_WARN_UNINITIALIZED_AUTOS = YES_AGGRESSIVE;
				GCC_WARN_UNUSED_FUNCTION = YES;
				GCC_WARN_UNUSED_VARIABLE = YES;
				IPHONEOS_DEPLOYMENT_TARGET = 14.5;
				MTL_ENABLE_DEBUG_INFO = NO;
				MTL_FAST_MATH = YES;
				SDKROOT = iphoneos;
				SWIFT_COMPILATION_MODE = wholemodule;
				SWIFT_OPTIMIZATION_LEVEL = "-O";
				VALIDATE_PRODUCT = YES;
			};
			name = Release;
		};
		24E022C0284F1E5700976E6A /* Debug */ = {
			isa = XCBuildConfiguration;
			buildSettings = {
				ASSETCATALOG_COMPILER_APPICON_NAME = AppIcon;
				ASSETCATALOG_COMPILER_GLOBAL_ACCENT_COLOR_NAME = AccentColor;
				CODE_SIGN_STYLE = Automatic;
				DEVELOPMENT_TEAM = 7QU4R84G8J;
				INFOPLIST_FILE = "Workout Record/Info.plist";
				LD_RUNPATH_SEARCH_PATHS = (
					"$(inherited)",
					"@executable_path/Frameworks",
				);
				PRODUCT_BUNDLE_IDENTIFIER = "Makoto-Ono.Workout-Record";
				PRODUCT_NAME = "$(TARGET_NAME)";
				SWIFT_VERSION = 5.0;
				TARGETED_DEVICE_FAMILY = "1,2";
			};
			name = Debug;
		};
		24E022C1284F1E5700976E6A /* Release */ = {
			isa = XCBuildConfiguration;
			buildSettings = {
				ASSETCATALOG_COMPILER_APPICON_NAME = AppIcon;
				ASSETCATALOG_COMPILER_GLOBAL_ACCENT_COLOR_NAME = AccentColor;
				CODE_SIGN_STYLE = Automatic;
				DEVELOPMENT_TEAM = 7QU4R84G8J;
				INFOPLIST_FILE = "Workout Record/Info.plist";
				LD_RUNPATH_SEARCH_PATHS = (
					"$(inherited)",
					"@executable_path/Frameworks",
				);
				PRODUCT_BUNDLE_IDENTIFIER = "Makoto-Ono.Workout-Record";
				PRODUCT_NAME = "$(TARGET_NAME)";
				SWIFT_VERSION = 5.0;
				TARGETED_DEVICE_FAMILY = "1,2";
			};
			name = Release;
		};
/* End XCBuildConfiguration section */

/* Begin XCConfigurationList section */
		24E022A6284F1E4F00976E6A /* Build configuration list for PBXProject "Workout Record" */ = {
			isa = XCConfigurationList;
			buildConfigurations = (
				24E022BD284F1E5700976E6A /* Debug */,
				24E022BE284F1E5700976E6A /* Release */,
			);
			defaultConfigurationIsVisible = 0;
			defaultConfigurationName = Release;
		};
		24E022BF284F1E5700976E6A /* Build configuration list for PBXNativeTarget "Workout Record" */ = {
			isa = XCConfigurationList;
			buildConfigurations = (
				24E022C0284F1E5700976E6A /* Debug */,
				24E022C1284F1E5700976E6A /* Release */,
			);
			defaultConfigurationIsVisible = 0;
			defaultConfigurationName = Release;
		};
/* End XCConfigurationList section */

/* Begin XCRemoteSwiftPackageReference section */
		2482BEFE2859619400B5AC84 /* XCRemoteSwiftPackageReference "SQLite.swift" */ = {
			isa = XCRemoteSwiftPackageReference;
			repositoryURL = "https://github.com/stephencelis/SQLite.swift.git";
			requirement = {
				kind = upToNextMajorVersion;
				minimumVersion = 0.13.3;
			};
		};
/* End XCRemoteSwiftPackageReference section */

/* Begin XCSwiftPackageProductDependency section */
		2482BEFF2859619400B5AC84 /* SQLite */ = {
			isa = XCSwiftPackageProductDependency;
			package = 2482BEFE2859619400B5AC84 /* XCRemoteSwiftPackageReference "SQLite.swift" */;
			productName = SQLite;
		};
/* End XCSwiftPackageProductDependency section */
	};
	rootObject = 24E022A3284F1E4F00976E6A /* Project object */;
}
